{
  "name": "forge-managed-cli-runtimes",
  "version": "0.1.0",
  "lockfileVersion": 3,
  "requires": true,
  "packages": {
    "": {
      "name": "forge-managed-cli-runtimes",
      "version": "0.1.0",
      "dependencies": {
        "@anthropic-ai/claude-code": "2.1.263",
        "@openai/codex": "0.153.2",
        "opencode-ai": "1.18.29"
      }
    },
    "node_modules/@anthropic-ai/claude-code": {
      "version": "2.1.263",
      "resolved": "https://registry.npmjs.org/@anthropic-ai/claude-code/-/claude-code-2.1.263.tgz",
      "integrity": "sha512-kvvBK6/69iTRYnq0TKVyxVZs1CxYCJGojshQSP+2qaDb66A2xtI4zbCuqkZUWLkFGmHSRqhFf/ATpzH2UNKcwg==",
      "hasInstallScript": true,
      "license": "SEE LICENSE IN README.md",
      "bin": {
        "claude": "bin/claude.exe"
      },
      "engines": {
        "node": ">=22.0.0"
      },
      "optionalDependencies": {
        "@anthropic-ai/claude-code-darwin-arm64": "2.1.263",
        "@anthropic-ai/claude-code-darwin-x64": "2.1.263",
        "@anthropic-ai/claude-code-linux-arm64": "2.1.263",
        "@anthropic-ai/claude-code-linux-arm64-musl": "2.1.263",
        "@anthropic-ai/claude-code-linux-x64": "2.1.263",
        "@anthropic-ai/claude-code-linux-x64-musl": "2.1.263",
        "@anthropic-ai/claude-code-win32-arm64": "2.1.263",
        "@anthropic-ai/claude-code-win32-x64": "2.1.263"
      }
    },
    "node_modules/@anthropic-ai/claude-code-darwin-arm64": {
      "version": "2.1.263",
      "resolved": "https://registry.npmjs.org/@anthropic-ai/claude-code-darwin-arm64/-/claude-code-darwin-arm64-2.1.263.tgz",
      "integrity": "sha512-yLv8MtgulGMGCWTwDUSmlEL0+94sxKP3vJm0SAXZX+0qVQ09PrjVSRC0ibtVeW7xymyhvP1JaUimOyp+t2wO5g==",
      "cpu": [
        "arm64"
      ],
      "license": "SEE LICENSE IN LICENSE.md",
      "optional": true,
      "os": [
        "darwin"
      ]
    },
    "node_modules/@anthropic-ai/claude-code-darwin-x64": {
      "version": "2.1.263",
      "resolved": "https://registry.npmjs.org/@anthropic-ai/claude-code-darwin-x64/-/claude-code-darwin-x64-2.1.263.tgz",
      "integrity": "sha512-55AHarRoo10yV8qLRrtZiNfum0uLQ6FKtwQEGuahzXHUnBDDrQ56ejLZB/FSs+q2Nx3IFWEq9J/rNVfuX7oZ6w==",
      "cpu": [
        "x64"
      ],
      "license": "SEE LICENSE IN LICENSE.md",
      "optional": true,
      "os": [
        "darwin"
      ]
    },
    "node_modules/@anthropic-ai/claude-code-linux-arm64": {
      "version": "2.1.263",
      "resolved": "https://registry.npmjs.org/@anthropic-ai/claude-code-linux-arm64/-/claude-code-linux-arm64-2.1.263.tgz",
      "integrity": "sha512-RlJtLbl8xqFMf2zUdOKD4o5FkNhcgGjlS3Un8PNfSbv1fLQg3SqBQgEJhNEtSeKlEsOs26RnCG/jVk4yah8Udw==",
      "cpu": [
        "arm64"
      ],
      "libc": [
        "glibc"
      ],
      "license": "SEE LICENSE IN LICENSE.md",
      "optional": true,
      "os": [
        "linux"
      ]
    },
    "node_modules/@anthropic-ai/claude-code-linux-arm64-musl": {
      "version": "2.1.263",
      "resolved": "https://registry.npmjs.org/@anthropic-ai/claude-code-linux-arm64-musl/-/claude-code-linux-arm64-musl-2.1.263.tgz",
      "integrity": "sha512-RxeDl9uWmj7FtghdtRImpWsGEEe8l05VoS9wt5vJAFVZFP6ZmyanS7b+1+STXW6F6QsEbVqbKF5R/HPz3dzW4g==",
      "cpu": [
        "arm64"
      ],
      "libc": [
        "musl"
      ],
      "license": "SEE LICENSE IN LICENSE.md",
      "optional": true,
      "os": [
        "linux"
      ]
    },
    "node_modules/@anthropic-ai/claude-code-linux-x64": {
      "version": "2.1.263",
      "resolved": "https://registry.npmjs.org/@anthropic-ai/claude-code-linux-x64/-/claude-code-linux-x64-2.1.263.tgz",
      "integrity": "sha512-0IrvpLd/0FP0acQw59T4Cvx/r4nwAXKBrW0WyhIXymzYWurPCLztB+Icu9MkeewAUI+p3PTXsSfmilv/n6XlAQ==",
      "cpu": [
        "x64"
      ],
      "libc": [
        "glibc"
      ],
      "license": "SEE LICENSE IN LICENSE.md",
      "optional": true,
      "os": [
        "linux"
      ]
    },
    "node_modules/@anthropic-ai/claude-code-linux-x64-musl": {
      "version": "2.1.263",
      "resolved": "https://registry.npmjs.org/@anthropic-ai/claude-code-linux-x64-musl/-/claude-code-linux-x64-musl-2.1.263.tgz",
      "integrity": "sha512-R6gtwGcW+sxoyANhikfUKPsat+mysEoLhl5rBUSaSHsey7x4oe/0zrWV2vbWw3t5X9XDsh0Bcl/n4/1Jgyc4vw==",
      "cpu": [
        "x64"
      ],
      "libc": [
        "musl"
      ],
      "license": "SEE LICENSE IN LICENSE.md",
      "optional": true,
      "os": [
        "linux"
      ]
    },
    "node_modules/@anthropic-ai/claude-code-win32-arm64": {
      "version": "2.1.263",
      "resolved": "https://registry.npmjs.org/@anthropic-ai/claude-code-win32-arm64/-/claude-code-win32-arm64-2.1.263.tgz",
      "integrity": "sha512-koscGNDJ0qMXQIAse9zqeQ70EL8qoMkDnMSrAbW8ussrLCyTvfgNny+N9GFic382XegSAIhcInF+oqJnaBSyxA==",
      "cpu": [
        "arm64"
      ],
      "license": "SEE LICENSE IN LICENSE.md",
      "optional": true,
      "os": [
        "win32"
      ]
    },
    "node_modules/@anthropic-ai/claude-code-win32-x64": {
      "version": "2.1.263",
      "resolved": "https://registry.npmjs.org/@anthropic-ai/claude-code-win32-x64/-/claude-code-win32-x64-2.1.263.tgz",
      "integrity": "sha512-P1LnudAWj2ptyE0IZzCZKAe7nU7LxqlkcLdBfp8FsHlH5dp75Og4JJ6TClvfjanHn3shYW4CYN6oI1vSqZlkHw==",
      "cpu": [
        "x64"
      ],
      "license": "SEE LICENSE IN LICENSE.md",
      "optional": true,
      "os": [
        "win32"
      ]
    },
    "node_modules/@openai/codex": {
      "version": "0.153.2",
      "resolved": "https://registry.npmjs.org/@openai/codex/-/codex-0.153.2.tgz",
      "integrity": "sha512-IRocJlE+jCZGYHwIJWBja2nDswTSZY4sNddQgU5xiR/mVWxo5WcO8pqcajXJea1XDoNK9CaVzizVhUxDhFkU6g==",
      "license": "Apache-2.0",
      "bin": {
        "codex": "bin/codex.js"
      },
      "engines": {
        "node": ">=16"
      },
      "optionalDependencies": {
        "@openai/codex-darwin-arm64": "npm:@openai/codex@0.153.2-darwin-arm64",
        "@openai/codex-darwin-x64": "npm:@openai/codex@0.153.2-darwin-x64",
        "@openai/codex-linux-arm64": "npm:@openai/codex@0.153.2-linux-arm64",
        "@openai/codex-linux-x64": "npm:@openai/codex@0.153.2-linux-x64",
        "@openai/codex-win32-arm64": "npm:@openai/codex@0.153.2-win32-arm64",
        "@openai/codex-win32-x64": "npm:@openai/codex@0.153.2-win32-x64"
      }
    },
    "node_modules/@openai/codex-darwin-arm64": {
      "name": "@openai/codex",
      "version": "0.153.2-darwin-arm64",
      "resolved": "https://registry.npmjs.org/@openai/codex/-/codex-0.153.2-darwin-arm64.tgz",
      "integrity": "sha512-8cEJWOIW5WnSn2+W1RUjc1sm2sN1H6NP+cCrOe73ImamUy2yOk3QKjZM2SfkA9jf3fqgwlBNUslhGMen2omc5g==",
      "cpu": [
        "arm64"
      ],
      "license": "Apache-2.0",
      "optional": true,
      "os": [
        "darwin"
      ],
      "engines": {
        "node": ">=16"
      }
    },
    "node_modules/@openai/codex-darwin-x64": {
      "name": "@openai/codex",
      "version": "0.153.2-darwin-x64",
      "resolved": "https://registry.npmjs.org/@openai/codex/-/codex-0.153.2-darwin-x64.tgz",
      "integrity": "sha512-hY68UBhIUE3xIn40SdoujokNiCBeHn9Jp9bEtcIrYeYd2IUtu1oCFwxFnkGhw6+UjHn7piiMxohAomddRA4MCg==",
      "cpu": [
        "x64"
      ],
      "license": "Apache-2.0",
      "optional": true,
      "os": [
        "darwin"
      ],
      "engines": {
        "node": ">=16"
      }
    },
    "node_modules/@openai/codex-linux-arm64": {
      "name": "@openai/codex",
      "version": "0.153.2-linux-arm64",
      "resolved": "https://registry.npmjs.org/@openai/codex/-/codex-0.153.2-linux-arm64.tgz",
      "integrity": "sha512-QDkOdJzIdMGaOCViY2dqGqr8WhQv81WfmJkAghC3doFedsOfHt87RuAO4yFN7m0FSR3y5UsScSDUT4zOCcmEVA==",
      "cpu": [
        "arm64"
      ],
      "license": "Apache-2.0",
      "optional": true,
      "os": [
        "linux"
      ],
      "engines": {
        "node": ">=16"
      }
    },
    "node_modules/@openai/codex-linux-x64": {
      "name": "@openai/codex",
      "version": "0.153.2-linux-x64",
      "resolved": "https://registry.npmjs.org/@openai/codex/-/codex-0.153.2-linux-x64.tgz",
      "integrity": "sha512-CPUPhFmykKRdIcgwiOfKvFKHBP62dPfaiP+pzQ2bVNAfLTW+i0Kasd7hQryoxZUmTPvw0h9HyM2NgsnQ9AJlTw==",
      "cpu": [
        "x64"
      ],
      "license": "Apache-2.0",
      "optional": true,
      "os": [
        "linux"
      ],
      "engines": {
        "node": ">=16"
      }
    },
    "node_modules/@openai/codex-win32-arm64": {
      "name": "@openai/codex",
      "version": "0.153.2-win32-arm64",
      "resolved": "https://registry.npmjs.org/@openai/codex/-/codex-0.153.2-win32-arm64.tgz",
      "integrity": "sha512-+49dim0F4FoxKLBDBLzMQL4C1m9FG2kx6twg98jo2USesKfmj8XG3HSCe2tW2zOfRArSgHCDyNDHFdts3AfaBg==",
      "cpu": [
        "arm64"
      ],
      "license": "Apache-2.0",
      "optional": true,
      "os": [
        "win32"
      ],
      "engines": {
        "node": ">=16"
      }
    },
    "node_modules/@openai/codex-win32-x64": {
      "name": "@openai/codex",
      "version": "0.153.2-win32-x64",
      "resolved": "https://registry.npmjs.org/@openai/codex/-/codex-0.153.2-win32-x64.tgz",
      "integrity": "sha512-x1PnFo9Uy81NEIlPx3qxkP3PQgkfmJOY/2LqKCKlvxArWIL+PrEV9xKcmKeo9Yw23PPU2TDH3AyqcdeblqtNNg==",
      "cpu": [
        "x64"
      ],
      "license": "Apache-2.0",
      "optional": true,
      "os": [
        "win32"
      ],
      "engines": {
        "node": ">=16"
      }
    },
    "node_modules/opencode-ai": {
      "version": "1.18.29",
      "resolved": "https://registry.npmjs.org/opencode-ai/-/opencode-ai-1.18.29.tgz",
      "integrity": "sha512-syIDVwlrYTgTOXzZe9SkInJWethbq6l3SNC762UeXyO0a9V0wGfd+U4yACvppwNBnhIsl0j2QPYYCyLpNaSomg==",
      "cpu": [
        "arm64",
        "x64"
      ],
      "hasInstallScript": true,
      "license": "MIT",
      "os": [
        "darwin",
        "linux",
        "win32"
      ],
      "bin": {
        "opencode": "bin/opencode.exe"
      },
      "optionalDependencies": {
        "opencode-darwin-arm64": "1.18.29",
        "opencode-darwin-x64": "1.18.29",
        "opencode-darwin-x64-baseline": "1.18.29",
        "opencode-linux-arm64": "1.18.29",
        "opencode-linux-arm64-musl": "1.18.29",
        "opencode-linux-x64": "1.18.29",
        "opencode-linux-x64-baseline": "1.18.29",
        "opencode-linux-x64-baseline-musl": "1.18.29",
        "opencode-linux-x64-musl": "1.18.29",
        "opencode-windows-arm64": "1.18.29",
        "opencode-windows-x64": "1.18.29",
        "opencode-windows-x64-baseline": "1.18.29"
      }
    },
    "node_modules/opencode-darwin-arm64": {
      "version": "1.18.29",
      "resolved": "https://registry.npmjs.org/opencode-darwin-arm64/-/opencode-darwin-arm64-1.18.29.tgz",
      "integrity": "sha512-EU0qma5GPJXcDp5rENvedSfqJjqxatQW/Qzjs71pR2YdbrSh7YmBwtvnIb2/KIvfQr0DErX4ST14sbBQI2mQdg==",
      "cpu": [
        "arm64"
      ],
      "optional": true,
      "os": [
        "darwin"
      ]
    },
    "node_modules/opencode-darwin-x64": {
      "version": "1.18.29",
      "resolved": "https://registry.npmjs.org/opencode-darwin-x64/-/opencode-darwin-x64-1.18.29.tgz",
      "integrity": "sha512-Soyw5WI5kRI3Wbk5eeuSkMw4x+ScXi3SqzITMsi6rnVX0hsAbFCOmKOieYcd8BKJ1aUTrrG0Vv556CFzekk5Bw==",
      "cpu": [
        "x64"
      ],
      "optional": true,
      "os": [
        "darwin"
      ]
    },
    "node_modules/opencode-darwin-x64-baseline": {
      "version": "1.18.29",
      "resolved": "https://registry.npmjs.org/opencode-darwin-x64-baseline/-/opencode-darwin-x64-baseline-1.18.29.tgz",
      "integrity": "sha512-LJAQWZd4Tixo/IYCM3qYDk+h+OydkcZY6ywL99K67acJzfiAmfzqDKUi7WuQkMrlTCSPoOxkyz3yTPd0GzVeXw==",
      "cpu": [
        "x64"
      ],
      "optional": true,
      "os": [
        "darwin"
      ]
    },
    "node_modules/opencode-linux-arm64": {
      "version": "1.18.29",
      "resolved": "https://registry.npmjs.org/opencode-linux-arm64/-/opencode-linux-arm64-1.18.29.tgz",
      "integrity": "sha512-Lr7XXik5wPJZBV5RW+aR6Uogf1n5GogpB565m+D/jiO/vRXr9LhvCpixgAr1tiwuH1ZfMsqOOlbFQz5jgH3Tqg==",
      "cpu": [
        "arm64"
      ],
      "optional": true,
      "os": [
        "linux"
      ]
    },
    "node_modules/opencode-linux-arm64-musl": {
      "version": "1.18.29",
      "resolved": "https://registry.npmjs.org/opencode-linux-arm64-musl/-/opencode-linux-arm64-musl-1.18.29.tgz",
      "integrity": "sha512-9lNhNvW3FdwbI+BDy/y+0bwIQkbz36u/RVQoZH2tYvWjHkOaf8D+mSuDKbKcFqpLFIbbQona01oYSQZzncZIcQ==",
      "cpu": [
        "arm64"
      ],
      "libc": [
        "musl"
      ],
      "optional": true,
      "os": [
        "linux"
      ]
    },
    "node_modules/opencode-linux-x64": {
      "version": "1.18.29",
      "resolved": "https://registry.npmjs.org/opencode-linux-x64/-/opencode-linux-x64-1.18.29.tgz",
      "integrity": "sha512-X8/wS/8mzL7Ko0zYYF6RzKax39KkxXDRoimhmzXuo0gPrZX4DQjqBNpPAByBwUjFapk73ZGSVsjDGvoNapBa1Q==",
      "cpu": [
        "x64"
      ],
      "optional": true,
      "os": [
        "linux"
      ]
    },
    "node_modules/opencode-linux-x64-baseline": {
      "version": "1.18.29",
      "resolved": "https://registry.npmjs.org/opencode-linux-x64-baseline/-/opencode-linux-x64-baseline-1.18.29.tgz",
      "integrity": "sha512-AnPvoVjeLC6qBYSeDwmj8fIVeJxspkrh1xAPow5NMSdH7IZZd0auiI2PHIW+0/3B+xfar1Zx1a6yvDd4Wd74Wg==",
      "cpu": [
        "x64"
      ],
      "optional": true,
      "os": [
        "linux"
      ]
    },
    "node_modules/opencode-linux-x64-baseline-musl": {
      "version": "1.18.29",
      "resolved": "https://registry.npmjs.org/opencode-linux-x64-baseline-musl/-/opencode-linux-x64-baseline-musl-1.18.29.tgz",
      "integrity": "sha512-A60ew2Xu0gXPwjPYbXoYtkzpUYaLKpgp8dVU5RJpGhT2NBMWBaEyY8O/pcZJFvhPOoEFP9IYmcF2k8Pj4mjDfA==",
      "cpu": [
        "x64"
      ],
      "libc": [
        "musl"
      ],
      "optional": true,
      "os": [
        "linux"
      ]
    },
    "node_modules/opencode-linux-x64-musl": {
      "version": "1.18.29",
      "resolved": "https://registry.npmjs.org/opencode-linux-x64-musl/-/opencode-linux-x64-musl-1.18.29.tgz",
      "integrity": "sha512-bGAZ9NFzNOzrXVN9oczd1H+vzLH1aGyYg1ZZNtuZiszxKr8+vTjLnNcjzGJIuc6jtjvlWbfp8l+S5fxCVuQo2A==",
      "cpu": [
        "x64"
      ],
      "libc": [
        "musl"
      ],
      "optional": true,
      "os": [
        "linux"
      ]
    },
    "node_modules/opencode-windows-arm64": {
      "version": "1.18.29",
      "resolved": "https://registry.npmjs.org/opencode-windows-arm64/-/opencode-windows-arm64-1.18.29.tgz",
      "integrity": "sha512-LwDli4EeZIGNnq8vJ9/uLIvsxAY0zLi6+54KsmOk8E1w7121axXpJ/5TpCg4LvmsNXwRKenKJgWzqoDBhy/2mw==",
      "cpu": [
        "arm64"
      ],
      "optional": true,
      "os": [
        "win32"
      ]
    },
    "node_modules/opencode-windows-x64": {
      "version": "1.18.29",
      "resolved": "https://registry.npmjs.org/opencode-windows-x64/-/opencode-windows-x64-1.18.29.tgz",
      "integrity": "sha512-xtWiZNMiwFtBl7q9yMG+XK/BTYGfgFoHLDx4ruWVYCoxjV0NYwjJi6rB9B3xIVbTclzu81YLKNFcT3kNBEG9Yw==",
      "cpu": [
        "x64"
      ],
      "optional": true,
      "os": [
        "win32"
      ]
    },
    "node_modules/opencode-windows-x64-baseline": {
      "version": "1.18.29",
      "resolved": "https://registry.npmjs.org/opencode-windows-x64-baseline/-/opencode-windows-x64-baseline-1.18.29.tgz",
      "integrity": "sha512-rUqqp8zbHq5bc3yWPymQxCHgS2Fax07GoEq/KX1R+FE4XNDgL6R+Q1PFqqVDneLd3l0h5qPb+qqsiiWGGEORlA==",
      "cpu": [
        "x64"
      ],
      "optional": true,
      "os": [
        "win32"
      ]
    }
  }
}
